
Microsoft Visual Studio Solution File, Format Version 12.00
# Visual Studio Version 17
VisualStudioVersion = 17.3.32819.101
MinimumVisualStudioVersion = 10.0.40219.1
Project("{FAE04EC0-301F-11D3-BF4B-00C04F79EFBC}") = "MiniStore", "MiniStore\MiniStore.csproj", "{F3CE8E0C-D7FC-43D1-8947-BF74D926C06B}"
EndProject
Global
	GlobalSection(SolutionConfigurationPlatforms) = preSolution
		Debug|Any CPU = Debug|Any CPU
		Release|Any CPU = Release|Any CPU
	EndGlobalSection
	GlobalSection(ProjectConfigurationPlatforms) = postSolution
		{F3CE8E0C-D7FC-43D1-8947-BF74D926C06B}.Debug|Any CPU.ActiveCfg = Debug|Any CPU
		{F3CE8E0C-D7FC-43D1-8947-BF74D926C06B}.Debug|Any CPU.Build.0 = Debug|Any CPU
		{F3CE8E0C-D7FC-43D1-8947-BF74D926C06B}.Release|Any CPU.ActiveCfg = Release|Any CPU
		{F3CE8E0C-D7FC-43D1-8947-BF74D926C06B}.Release|Any CPU.Build.0 = Release|Any CPU
	EndGlobalSection
	GlobalSection(SolutionProperties) = preSolution
		HideSolutionNode = FALSE
	EndGlobalSection
	GlobalSection(ExtensibilityGlobals) = postSolution
		SolutionGuid = {52530C8C-741F-4D43-B4B3-D1917B7182F2}
	EndGlobalSection
EndGlobal
